Microsoft Visual Studio Solution File, Format Version 12.00
# Visual Studio 15
VisualStudioVersion = 15.0.26430.15
MinimumVisualStudioVersion = 10.0.40219.1
Project("{FAE04EC0-301F-11D3-BF4B-00C04F79EFBC}") = "SmartConstructionSite", "SmartConstructionSite\SmartConstructionSite.csproj", "{EE35EF1E-6210-4D5D-947C-7554E728BFA8}"
EndProject
Project("{FAE04EC0-301F-11D3-BF4B-00C04F79EFBC}") = "SmartConstructionServices", "SmartConstructionServices\SmartConstructionServices.csproj", "{A43E6E91-7C78-47F3-AAC3-39366584A7C3}"
EndProject
Project("{FAE04EC0-301F-11D3-BF4B-00C04F79EFBC}") = "SmartConstructionSite.Droid", "Droid\SmartConstructionSite.Droid.csproj", "{14F27016-8C42-4B72-A406-30A4FA6181A2}"
EndProject
Global
	GlobalSection(SolutionConfigurationPlatforms) = preSolution
		Debug|Any CPU = Debug|Any CPU
		Debug|iPhone = Debug|iPhone
		Debug|iPhoneSimulator = Debug|iPhoneSimulator
		Release|Any CPU = Release|Any CPU
		Release|iPhone = Release|iPhone
		Release|iPhoneSimulator = Release|iPhoneSimulator
	EndGlobalSection
	GlobalSection(ProjectConfigurationPlatforms) = postSolution
		{EE35EF1E-6210-4D5D-947C-7554E728BFA8}.Debug|Any CPU.ActiveCfg = Debug|Any CPU
		{EE35EF1E-6210-4D5D-947C-7554E728BFA8}.Debug|Any CPU.Build.0 = Debug|Any CPU
		{EE35EF1E-6210-4D5D-947C-7554E728BFA8}.Debug|iPhone.ActiveCfg = Debug|Any CPU
		{EE35EF1E-6210-4D5D-947C-7554E728BFA8}.Debug|iPhone.Build.0 = Debug|Any CPU
		{EE35EF1E-6210-4D5D-947C-7554E728BFA8}.Debug|iPhoneSimulator.ActiveCfg = Debug|Any CPU
		{EE35EF1E-6210-4D5D-947C-7554E728BFA8}.Debug|iPhoneSimulator.Build.0 = Debug|Any CPU
		{EE35EF1E-6210-4D5D-947C-7554E728BFA8}.Release|Any CPU.ActiveCfg = Release|Any CPU
		{EE35EF1E-6210-4D5D-947C-7554E728BFA8}.Release|Any CPU.Build.0 = Release|Any CPU
		{EE35EF1E-6210-4D5D-947C-7554E728BFA8}.Release|iPhone.ActiveCfg = Release|Any CPU
		{EE35EF1E-6210-4D5D-947C-7554E728BFA8}.Release|iPhone.Build.0 = Release|Any CPU
		{EE35EF1E-6210-4D5D-947C-7554E728BFA8}.Release|iPhoneSimulator.ActiveCfg = Release|Any CPU
		{EE35EF1E-6210-4D5D-947C-7554E728BFA8}.Release|iPhoneSimulator.Build.0 = Release|Any CPU
		{A43E6E91-7C78-47F3-AAC3-39366584A7C3}.Debug|Any CPU.ActiveCfg = Debug|Any CPU
		{A43E6E91-7C78-47F3-AAC3-39366584A7C3}.Debug|Any CPU.Build.0 = Debug|Any CPU
		{A43E6E91-7C78-47F3-AAC3-39366584A7C3}.Debug|iPhone.ActiveCfg = Debug|Any CPU
		{A43E6E91-7C78-47F3-AAC3-39366584A7C3}.Debug|iPhone.Build.0 = Debug|Any CPU
		{A43E6E91-7C78-47F3-AAC3-39366584A7C3}.Debug|iPhoneSimulator.ActiveCfg = Debug|Any CPU
		{A43E6E91-7C78-47F3-AAC3-39366584A7C3}.Debug|iPhoneSimulator.Build.0 = Debug|Any CPU
		{A43E6E91-7C78-47F3-AAC3-39366584A7C3}.Release|Any CPU.ActiveCfg = Release|Any CPU
		{A43E6E91-7C78-47F3-AAC3-39366584A7C3}.Release|Any CPU.Build.0 = Release|Any CPU
		{A43E6E91-7C78-47F3-AAC3-39366584A7C3}.Release|iPhone.ActiveCfg = Release|Any CPU
		{A43E6E91-7C78-47F3-AAC3-39366584A7C3}.Release|iPhone.Build.0 = Release|Any CPU
		{A43E6E91-7C78-47F3-AAC3-39366584A7C3}.Release|iPhoneSimulator.ActiveCfg = Release|Any CPU
		{A43E6E91-7C78-47F3-AAC3-39366584A7C3}.Release|iPhoneSimulator.Build.0 = Release|Any CPU
		{14F27016-8C42-4B72-A406-30A4FA6181A2}.Debug|Any CPU.ActiveCfg = Debug|Any CPU
		{14F27016-8C42-4B72-A406-30A4FA6181A2}.Debug|Any CPU.Build.0 = Debug|Any CPU
		{14F27016-8C42-4B72-A406-30A4FA6181A2}.Debug|Any CPU.Deploy.0 = Debug|Any CPU
		{14F27016-8C42-4B72-A406-30A4FA6181A2}.Debug|iPhone.ActiveCfg = Debug|Any CPU
		{14F27016-8C42-4B72-A406-30A4FA6181A2}.Debug|iPhone.Build.0 = Debug|Any CPU
		{14F27016-8C42-4B72-A406-30A4FA6181A2}.Debug|iPhone.Deploy.0 = Debug|Any CPU
		{14F27016-8C42-4B72-A406-30A4FA6181A2}.Debug|iPhoneSimulator.ActiveCfg = Debug|Any CPU
		{14F27016-8C42-4B72-A406-30A4FA6181A2}.Debug|iPhoneSimulator.Build.0 = Debug|Any CPU
		{14F27016-8C42-4B72-A406-30A4FA6181A2}.Debug|iPhoneSimulator.Deploy.0 = Debug|Any CPU
		{14F27016-8C42-4B72-A406-30A4FA6181A2}.Release|Any CPU.ActiveCfg = Release|Any CPU
		{14F27016-8C42-4B72-A406-30A4FA6181A2}.Release|Any CPU.Build.0 = Release|Any CPU
		{14F27016-8C42-4B72-A406-30A4FA6181A2}.Release|Any CPU.Deploy.0 = Release|Any CPU
		{14F27016-8C42-4B72-A406-30A4FA6181A2}.Release|iPhone.ActiveCfg = Release|Any CPU
		{14F27016-8C42-4B72-A406-30A4FA6181A2}.Release|iPhone.Build.0 = Release|Any CPU
		{14F27016-8C42-4B72-A406-30A4FA6181A2}.Release|iPhone.Deploy.0 = Release|Any CPU
		{14F27016-8C42-4B72-A406-30A4FA6181A2}.Release|iPhoneSimulator.ActiveCfg = Release|Any CPU
		{14F27016-8C42-4B72-A406-30A4FA6181A2}.Release|iPhoneSimulator.Build.0 = Release|Any CPU
		{14F27016-8C42-4B72-A406-30A4FA6181A2}.Release|iPhoneSimulator.Deploy.0 = Release|Any CPU
	EndGlobalSection
	GlobalSection(SolutionProperties) = preSolution
		HideSolutionNode = FALSE
	EndGlobalSection
	GlobalSection(ExtensibilityGlobals) = postSolution
		SolutionGuid = {F7C29680-BEF3-40F6-8284-0EDB791CE644}
	EndGlobalSection
EndGlobal
